// !$*UTF8*$!
{
	archiveVersion = 1;
	classes = {
	};
	objectVersion = 50;
	objects = {

/* Begin PBXBuildFile section */
		8A60651226AD8A8400D05940 /* AppDelegate.swift in Sources */ = {isa = PBXBuildFile; fileRef = 8A60651126AD8A8400D05940 /* AppDelegate.swift */; };
		8A60651426AD8A8400D05940 /* SceneDelegate.swift in Sources */ = {isa = PBXBuildFile; fileRef = 8A60651326AD8A8400D05940 /* SceneDelegate.swift */; };
		8A60651626AD8A8400D05940 /* ViewController.swift in Sources */ = {isa = PBXBuildFile; fileRef = 8A60651526AD8A8400D05940 /* ViewController.swift */; };
		8A60651B26AD8A8700D05940 /* Assets.xcassets in Resources */ = {isa = PBXBuildFile; fileRef = 8A60651A26AD8A8700D05940 /* Assets.xcassets */; };
		8A60651E26AD8A8700D05940 /* LaunchScreen.storyboard in Resources */ = {isa = PBXBuildFile; fileRef = 8A60651C26AD8A8700D05940 /* LaunchScreen.storyboard */; };
		8A60652626AD8AED00D05940 /* AnimationElements.swift in Sources */ = {isa = PBXBuildFile; fileRef = 8A60652526AD8AED00D05940 /* AnimationElements.swift */; };
		8A60652C26AD939400D05940 /* Model.swift in Sources */ = {isa = PBXBuildFile; fileRef = 8A60652B26AD939400D05940 /* Model.swift */; };
/* End PBXBuildFile section */

/* Begin PBXFileReference section */
		8A60650E26AD8A8400D05940 /* Lesson13.app */ = {isa = PBXFileReference; explicitFileType = wrapper.application; includeInIndex = 0; path = Lesson13.app; sourceTree = BUILT_PRODUCTS_DIR; };
		8A60651126AD8A8400D05940 /* AppDelegate.swift */ = {isa = PBXFileReference; lastKnownFileType = sourcecode.swift; path = AppDelegate.swift; sourceTree = "<group>"; };
		8A60651326AD8A8400D05940 /* SceneDelegate.swift */ = {isa = PBXFileReference; lastKnownFileType = sourcecode.swift; path = SceneDelegate.swift; sourceTree = "<group>"; };
		8A60651526AD8A8400D05940 /* ViewController.swift */ = {isa = PBXFileReference; lastKnownFileType = sourcecode.swift; path = ViewController.swift; sourceTree = "<group>"; };
		8A60651A26AD8A8700D05940 /* Assets.xcassets */ = {isa = PBXFileReference; lastKnownFileType = folder.assetcatalog; path = Assets.xcassets; sourceTree = "<group>"; };
		8A60651D26AD8A8700D05940 /* Base */ = {isa = PBXFileReference; lastKnownFileType = file.storyboard; name = Base; path = Base.lproj/LaunchScreen.storyboard; sourceTree = "<group>"; };
		8A60651F26AD8A8700D05940 /* Info.plist */ = {isa = PBXFileReference; lastKnownFileType = text.plist.xml; path = Info.plist; sourceTree = "<group>"; };
		8A60652526AD8AED00D05940 /* AnimationElements.swift */ = {isa = PBXFileReference; lastKnownFileType = sourcecode.swift; path = AnimationElements.swift; sourceTree = "<group>"; };
		8A60652B26AD939400D05940 /* Model.swift */ = {isa = PBXFileReference; lastKnownFileType = sourcecode.swift; path = Model.swift; sourceTree = "<group>"; };
/* End PBXFileReference section */

/* Begin PBXFrameworksBuildPhase section */
		8A60650B26AD8A8400D05940 /* Frameworks */ = {
			isa = PBXFrameworksBuildPhase;
			buildActionMask = 2147483647;
			files = (
			);
			runOnlyForDeploymentPostprocessing = 0;
		};
/* End PBXFrameworksBuildPhase section */

/* Begin PBXGroup section */
		8A60650526AD8A8400D05940 = {
			isa = PBXGroup;
			children = (
				8A60651026AD8A8400D05940 /* Lesson13 */,
				8A60650F26AD8A8400D05940 /* Products */,
			);
			sourceTree = "<group>";
		};
		8A60650F26AD8A8400D05940 /* Products */ = {
			isa = PBXGroup;
			children = (
				8A60650E26AD8A8400D05940 /* Lesson13.app */,
			);
			name = Products;
			sourceTree = "<group>";
		};
		8A60651026AD8A8400D05940 /* Lesson13 */ = {
			isa = PBXGroup;
			children = (
				8A60651126AD8A8400D05940 /* AppDelegate.swift */,
				8A60651326AD8A8400D05940 /* SceneDelegate.swift */,
				8A60652726AD930B00D05940 /* Model */,
				8A60652926AD933000D05940 /* View */,
				8A60652A26AD935100D05940 /* Controller */,
				8A60651A26AD8A8700D05940 /* Assets.xcassets */,
				8A60651F26AD8A8700D05940 /* Info.plist */,
				8A60651C26AD8A8700D05940 /* LaunchScreen.storyboard */,
			);
			path = Lesson13;
			sourceTree = "<group>";
		};
		8A60652726AD930B00D05940 /* Model */ = {
			isa = PBXGroup;
			children = (
				8A60652B26AD939400D05940 /* Model.swift */,
			);
			path = Model;
			sourceTree = "<group>";
		};
		8A60652926AD933000D05940 /* View */ = {
			isa = PBXGroup;
			children = (
				8A60652526AD8AED00D05940 /* AnimationElements.swift */,
			);
			path = View;
			sourceTree = "<group>";
		};
		8A60652A26AD935100D05940 /* Controller */ = {
			isa = PBXGroup;
			children = (
				8A60651526AD8A8400D05940 /* ViewController.swift */,
			);
			path = Controller;
			sourceTree = "<group>";
		};
/* End PBXGroup section */

/* Begin PBXNativeTarget section */
		8A60650D26AD8A8400D05940 /* Lesson13 */ = {
			isa = PBXNativeTarget;
			buildConfigurationList = 8A60652226AD8A8700D05940 /* Build configuration list for PBXNativeTarget "Lesson13" */;
			buildPhases = (
				8A60650A26AD8A8400D05940 /* Sources */,
				8A60650B26AD8A8400D05940 /* Frameworks */,
				8A60650C26AD8A8400D05940 /* Resources */,
			);
			buildRules = (
			);
			dependencies = (
			);
			name = Lesson13;
			productName = Lesson13;
			productReference = 8A60650E26AD8A8400D05940 /* Lesson13.app */;
			productType = "com.apple.product-type.application";
		};
/* End PBXNativeTarget section */

/* Begin PBXProject section */
		8A60650626AD8A8400D05940 /* Project object */ = {
			isa = PBXProject;
			attributes = {
				LastSwiftUpdateCheck = 1250;
				LastUpgradeCheck = 1250;
				TargetAttributes = {
					8A60650D26AD8A8400D05940 = {
						CreatedOnToolsVersion = 12.5.1;
					};
				};
			};
			buildConfigurationList = 8A60650926AD8A8400D05940 /* Build configuration list for PBXProject "Lesson13" */;
			compatibilityVersion = "Xcode 9.3";
			developmentRegion = en;
			hasScannedForEncodings = 0;
			knownRegions = (
				en,
				Base,
			);
			mainGroup = 8A60650526AD8A8400D05940;
			productRefGroup = 8A60650F26AD8A8400D05940 /* Products */;
			projectDirPath = "";
			projectRoot = "";
			targets = (
				8A60650D26AD8A8400D05940 /* Lesson13 */,
			);
		};
/* End PBXProject section */

/* Begin PBXResourcesBuildPhase section */
		8A60650C26AD8A8400D05940 /* Resources */ = {
			isa = PBXResourcesBuildPhase;
			buildActionMask = 2147483647;
			files = (
				8A60651E26AD8A8700D05940 /* LaunchScreen.storyboard in Resources */,
				8A60651B26AD8A8700D05940 /* Assets.xcassets in Resources */,
			);
			runOnlyForDeploymentPostprocessing = 0;
		};
/* End PBXResourcesBuildPhase section */

/* Begin PBXSourcesBuildPhase section */
		8A60650A26AD8A8400D05940 /* Sources */ = {
			isa = PBXSourcesBuildPhase;
			buildActionMask = 2147483647;
			files = (
				8A60652C26AD939400D05940 /* Model.swift in Sources */,
				8A60651626AD8A8400D05940 /* ViewController.swift in Sources */,
				8A60651226AD8A8400D05940 /* AppDelegate.swift in Sources */,
				8A60651426AD8A8400D05940 /* SceneDelegate.swift in Sources */,
				8A60652626AD8AED00D05940 /* AnimationElements.swift in Sources */,
			);
			runOnlyForDeploymentPostprocessing = 0;
		};
/* End PBXSourcesBuildPhase section */

/* Begin PBXVariantGroup section */
		8A60651C26AD8A8700D05940 /* LaunchScreen.storyboard */ = {
			isa = PBXVariantGroup;
			children = (
				8A60651D26AD8A8700D05940 /* Base */,
			);
			name = LaunchScreen.storyboard;
			sourceTree = "<group>";
		};
/* End PBXVariantGroup section */

/* Begin XCBuildConfiguration section */
		8A60652026AD8A8700D05940 /* Debug */ = {
			isa = XCBuildConfiguration;
			buildSettings = {
				ALWAYS_SEARCH_USER_PATHS = NO;
				CLANG_ANALYZER_NONNULL = YES;
				CLANG_ANALYZER_NUMBER_OBJECT_CONVERSION = YES_AGGRESSIVE;
				CLANG_CXX_LANGUAGE_STANDARD = "gnu++14";
				CLANG_CXX_LIBRARY = "libc++";
				CLANG_ENABLE_MODULES = YES;
				CLANG_ENABLE_OBJC_ARC = YES;
				CLANG_ENABLE_OBJC_WEAK = YES;
				CLANG_WARN_BLOCK_CAPTURE_AUTORELEASING = YES;
				CLANG_WARN_BOOL_CONVERSION = YES;
				CLANG_WARN_COMMA = YES;
				CLANG_WARN_CONSTANT_CONVERSION = YES;
				CLANG_WARN_DEPRECATED_OBJC_IMPLEMENTATIONS = YES;
				CLANG_WARN_DIRECT_OBJC_ISA_USAGE = YES_ERROR;
				CLANG_WARN_DOCUMENTATION_COMMENTS = YES;
				CLANG_WARN_EMPTY_BODY = YES;
				CLANG_WARN_ENUM_CONVERSION = YES;
				CLANG_WARN_INFINITE_RECURSION = YES;
				CLANG_WARN_INT_CONVERSION = YES;
				CLANG_WARN_NON_LITERAL_NULL_CONVERSION = YES;
				CLANG_WARN_OBJC_IMPLICIT_RETAIN_SELF = YES;
				CLANG_WARN_OBJC_LITERAL_CONVERSION = YES;
				CLANG_WARN_OBJC_ROOT_CLASS = YES_ERROR;
				CLANG_WARN_QUOTED_INCLUDE_IN_FRAMEWORK_HEADER = YES;
				CLANG_WARN_RANGE_LOOP_ANALYSIS = YES;
				CLANG_WARN_STRICT_PROTOTYPES = YES;
				CLANG_WARN_SUSPICIOUS_MOVE = YES;
				CLANG_WARN_UNGUARDED_AVAILABILITY = YES_AGGRESSIVE;
				CLANG_WARN_UNREACHABLE_CODE = YES;
				CLANG_WARN__DUPLICATE_METHOD_MATCH = YES;
				COPY_PHASE_STRIP = NO;
				DEBUG_INFORMATION_FORMAT = dwarf;
				ENABLE_STRICT_OBJC_MSGSEND = YES;
				ENABLE_TESTABILITY = YES;
				GCC_C_LANGUAGE_STANDARD = gnu11;
				GCC_DYNAMIC_NO_PIC = NO;
				GCC_NO_COMMON_BLOCKS = YES;
				GCC_OPTIMIZATION_LEVEL = 0;
				GCC_PREPROCESSOR_DEFINITIONS = (
					"DEBUG=1",
					"$(inherited)",
				);
				GCC_WARN_64_TO_32_BIT_CONVERSION = YES;
				GCC_WARN_ABOUT_RETURN_TYPE = YES_ERROR;
				GCC_WARN_UNDECLARED_SELECTOR = YES;
				GCC_WARN_UNINITIALIZED_AUTOS = YES_AGGRESSIVE;
				GCC_WARN_UNUSED_FUNCTION = YES;
				GCC_WARN_UNUSED_VARIABLE = YES;
				IPHONEOS_DEPLOYMENT_TARGET = 14.5;
				MTL_ENABLE_DEBUG_INFO = INCLUDE_SOURCE;
				MTL_FAST_MATH = YES;
				ONLY_ACTIVE_ARCH = YES;
				SDKROOT = iphoneos;
				SWIFT_ACTIVE_COMPILATION_CONDITIONS = DEBUG;
				SWIFT_OPTIMIZATION_LEVEL = "-Onone";
			};
			name = Debug;
		};
		8A60652126AD8A8700D05940 /* Release */ = {
			isa = XCBuildConfiguration;
			buildSettings = {
				ALWAYS_SEARCH_USER_PATHS = NO;
				CLANG_ANALYZER_NONNULL = YES;
				CLANG_ANALYZER_NUMBER_OBJECT_CONVERSION = YES_AGGRESSIVE;
				CLANG_CXX_LANGUAGE_STANDARD = "gnu++14";
				CLANG_CXX_LIBRARY = "libc++";
				CLANG_ENABLE_MODULES = YES;
				CLANG_ENABLE_OBJC_ARC = YES;
				CLANG_ENABLE_OBJC_WEAK = YES;
				CLANG_WARN_BLOCK_CAPTURE_AUTORELEASING = YES;
				CLANG_WARN_BOOL_CONVERSION = YES;
				CLANG_WARN_COMMA = YES;
				CLANG_WARN_CONSTANT_CONVERSION = YES;
				CLANG_WARN_DEPRECATED_OBJC_IMPLEMENTATIONS = YES;
				CLANG_WARN_DIRECT_OBJC_ISA_USAGE = YES_ERROR;
				CLANG_WARN_DOCUMENTATION_COMMENTS = YES;
				CLANG_WARN_EMPTY_BODY = YES;
				CLANG_WARN_ENUM_CONVERSION = YES;
				CLANG_WARN_INFINITE_RECURSION = YES;
				CLANG_WARN_INT_CONVERSION = YES;
				CLANG_WARN_NON_LITERAL_NULL_CONVERSION = YES;
				CLANG_WARN_OBJC_IMPLICIT_RETAIN_SELF = YES;
				CLANG_WARN_OBJC_LITERAL_CONVERSION = YES;
				CLANG_WARN_OBJC_ROOT_CLASS = YES_ERROR;
				CLANG_WARN_QUOTED_INCLUDE_IN_FRAMEWORK_HEADER = YES;
				CLANG_WARN_RANGE_LOOP_ANALYSIS = YES;
				CLANG_WARN_STRICT_PROTOTYPES = YES;
				CLANG_WARN_SUSPICIOUS_MOVE = YES;
				CLANG_WARN_UNGUARDED_AVAILABILITY = YES_AGGRESSIVE;
				CLANG_WARN_UNREACHABLE_CODE = YES;
				CLANG_WARN__DUPLICATE_METHOD_MATCH = YES;
				COPY_PHASE_STRIP = NO;
				DEBUG_INFORMATION_FORMAT = "dwarf-with-dsym";
				ENABLE_NS_ASSERTIONS = NO;
				ENABLE_STRICT_OBJC_MSGSEND = YES;
				GCC_C_LANGUAGE_STANDARD = gnu11;
				GCC_NO_COMMON_BLOCKS = YES;
				GCC_WARN_64_TO_32_BIT_CONVERSION = YES;
				GCC_WARN_ABOUT_RETURN_TYPE = YES_ERROR;
				GCC_WARN_UNDECLARED_SELECTOR = YES;
				GCC_WARN_UNINITIALIZED_AUTOS = YES_AGGRESSIVE;
				GCC_WARN_UNUSED_FUNCTION = YES;
				GCC_WARN_UNUSED_VARIABLE = YES;
				IPHONEOS_DEPLOYMENT_TARGET = 14.5;
				MTL_ENABLE_DEBUG_INFO = NO;
				MTL_FAST_MATH = YES;
				SDKROOT = iphoneos;
				SWIFT_COMPILATION_MODE = wholemodule;
				SWIFT_OPTIMIZATION_LEVEL = "-O";
				VALIDATE_PRODUCT = YES;
			};
			name = Release;
		};
		8A60652326AD8A8700D05940 /* Debug */ = {
			isa = XCBuildConfiguration;
			buildSettings = {
				ASSETCATALOG_COMPILER_APPICON_NAME = AppIcon;
				ASSETCATALOG_COMPILER_GLOBAL_ACCENT_COLOR_NAME = AccentColor;
				CODE_SIGN_STYLE = Automatic;
				DEVELOPMENT_TEAM = 9G744H27D6;
				INFOPLIST_FILE = Lesson13/Info.plist;
				LD_RUNPATH_SEARCH_PATHS = (
					"$(inherited)",
					"@executable_path/Frameworks",
				);
				PRODUCT_BUNDLE_IDENTIFIER = VEGANUMBAONE.Lesson13;
				PRODUCT_NAME = "$(TARGET_NAME)";
				SWIFT_VERSION = 5.0;
				TARGETED_DEVICE_FAMILY = "1,2";
			};
			name = Debug;
		};
		8A60652426AD8A8700D05940 /* Release */ = {
			isa = XCBuildConfiguration;
			buildSettings = {
				ASSETCATALOG_COMPILER_APPICON_NAME = AppIcon;
				ASSETCATALOG_COMPILER_GLOBAL_ACCENT_COLOR_NAME = AccentColor;
				CODE_SIGN_STYLE = Automatic;
				DEVELOPMENT_TEAM = 9G744H27D6;
				INFOPLIST_FILE = Lesson13/Info.plist;
				LD_RUNPATH_SEARCH_PATHS = (
					"$(inherited)",
					"@executable_path/Frameworks",
				);
				PRODUCT_BUNDLE_IDENTIFIER = VEGANUMBAONE.Lesson13;
				PRODUCT_NAME = "$(TARGET_NAME)";
				SWIFT_VERSION = 5.0;
				TARGETED_DEVICE_FAMILY = "1,2";
			};
			name = Release;
		};
/* End XCBuildConfiguration section */

/* Begin XCConfigurationList section */
		8A60650926AD8A8400D05940 /* Build configuration list for PBXProject "Lesson13" */ = {
			isa = XCConfigurationList;
			buildConfigurations = (
				8A60652026AD8A8700D05940 /* Debug */,
				8A60652126AD8A8700D05940 /* Release */,
			);
			defaultConfigurationIsVisible = 0;
			defaultConfigurationName = Release;
		};
		8A60652226AD8A8700D05940 /* Build configuration list for PBXNativeTarget "Lesson13" */ = {
			isa = XCConfigurationList;
			buildConfigurations = (
				8A60652326AD8A8700D05940 /* Debug */,
				8A60652426AD8A8700D05940 /* Release */,
			);
			defaultConfigurationIsVisible = 0;
			defaultConfigurationName = Release;
		};
/* End XCConfigurationList section */
	};
	rootObject = 8A60650626AD8A8400D05940 /* Project object */;
}
